
Microsoft Visual Studio Solution File, Format Version 12.00
# Visual Studio 14
VisualStudioVersion = 14.0.25420.1
MinimumVisualStudioVersion = 10.0.40219.1
Project("{FAE04EC0-301F-11D3-BF4B-00C04F79EFBC}") = "Powell.Vehicles.Mvc", "Powell.Vehicles.Mvc\Powell.Vehicles.Mvc.csproj", "{D726FE59-7737-4AC7-BDB8-77C22F887013}"
EndProject
Project("{FAE04EC0-301F-11D3-BF4B-00C04F79EFBC}") = "Powell.Domain.Core", "Powell.Domain.Core\Powell.Domain.Core.csproj", "{073CAAB8-13D2-4AD2-9BE3-C3B113D5F90B}"
EndProject
Project("{FAE04EC0-301F-11D3-BF4B-00C04F79EFBC}") = "Powell.Vehicles.Domain", "Powell.Vehicles.Domain\Powell.Vehicles.Domain.csproj", "{A64C067A-3B0D-4718-90AF-D994C7BB3DE0}"
EndProject
Project("{FAE04EC0-301F-11D3-BF4B-00C04F79EFBC}") = "Powell.Data.Core", "Powell.Data.Core\Powell.Data.Core.csproj", "{F9D0FADC-F115-45EA-BB56-F1D1E140D2E5}"
EndProject
Project("{FAE04EC0-301F-11D3-BF4B-00C04F79EFBC}") = "Powell.Vehicles.Domain.Data", "Powell.Vehicles.Domain.Data\Powell.Vehicles.Domain.Data.csproj", "{0E3B3C34-1FCE-4DBE-BE13-8341F74BBF8E}"
EndProject
Project("{FAE04EC0-301F-11D3-BF4B-00C04F79EFBC}") = "Powell.Vehicles.Console", "Powell.Vehicles.Console\Powell.Vehicles.Console.csproj", "{415D64C1-3A3D-405D-A6E5-E277D515CAE0}"
EndProject
Project("{FAE04EC0-301F-11D3-BF4B-00C04F79EFBC}") = "Powell.Identity.Domain", "Powell.Identity.Domain\Powell.Identity.Domain.csproj", "{DD20EF3E-707F-498F-8436-F3D5B4CAFD4C}"
EndProject
Project("{FAE04EC0-301F-11D3-BF4B-00C04F79EFBC}") = "Powell.Identity.Domain.Data", "Powell.Identity.Domain.Data\Powell.Identity.Domain.Data.csproj", "{5C3DAFDD-C75D-4228-897E-F5284F668B91}"
EndProject
Global
	GlobalSection(SolutionConfigurationPlatforms) = preSolution
		Debug|Any CPU = Debug|Any CPU
		Release|Any CPU = Release|Any CPU
	EndGlobalSection
	GlobalSection(ProjectConfigurationPlatforms) = postSolution
		{D726FE59-7737-4AC7-BDB8-77C22F887013}.Debug|Any CPU.ActiveCfg = Debug|Any CPU
		{D726FE59-7737-4AC7-BDB8-77C22F887013}.Debug|Any CPU.Build.0 = Debug|Any CPU
		{D726FE59-7737-4AC7-BDB8-77C22F887013}.Release|Any CPU.ActiveCfg = Release|Any CPU
		{D726FE59-7737-4AC7-BDB8-77C22F887013}.Release|Any CPU.Build.0 = Release|Any CPU
		{073CAAB8-13D2-4AD2-9BE3-C3B113D5F90B}.Debug|Any CPU.ActiveCfg = Debug|Any CPU
		{073CAAB8-13D2-4AD2-9BE3-C3B113D5F90B}.Debug|Any CPU.Build.0 = Debug|Any CPU
		{073CAAB8-13D2-4AD2-9BE3-C3B113D5F90B}.Release|Any CPU.ActiveCfg = Release|Any CPU
		{073CAAB8-13D2-4AD2-9BE3-C3B113D5F90B}.Release|Any CPU.Build.0 = Release|Any CPU
		{A64C067A-3B0D-4718-90AF-D994C7BB3DE0}.Debug|Any CPU.ActiveCfg = Debug|Any CPU
		{A64C067A-3B0D-4718-90AF-D994C7BB3DE0}.Debug|Any CPU.Build.0 = Debug|Any CPU
		{A64C067A-3B0D-4718-90AF-D994C7BB3DE0}.Release|Any CPU.ActiveCfg = Release|Any CPU
		{A64C067A-3B0D-4718-90AF-D994C7BB3DE0}.Release|Any CPU.Build.0 = Release|Any CPU
		{F9D0FADC-F115-45EA-BB56-F1D1E140D2E5}.Debug|Any CPU.ActiveCfg = Debug|Any CPU
		{F9D0FADC-F115-45EA-BB56-F1D1E140D2E5}.Debug|Any CPU.Build.0 = Debug|Any CPU
		{F9D0FADC-F115-45EA-BB56-F1D1E140D2E5}.Release|Any CPU.ActiveCfg = Release|Any CPU
		{F9D0FADC-F115-45EA-BB56-F1D1E140D2E5}.Release|Any CPU.Build.0 = Release|Any CPU
		{0E3B3C34-1FCE-4DBE-BE13-8341F74BBF8E}.Debug|Any CPU.ActiveCfg = Debug|Any CPU
		{0E3B3C34-1FCE-4DBE-BE13-8341F74BBF8E}.Debug|Any CPU.Build.0 = Debug|Any CPU
		{0E3B3C34-1FCE-4DBE-BE13-8341F74BBF8E}.Release|Any CPU.ActiveCfg = Release|Any CPU
		{0E3B3C34-1FCE-4DBE-BE13-8341F74BBF8E}.Release|Any CPU.Build.0 = Release|Any CPU
		{415D64C1-3A3D-405D-A6E5-E277D515CAE0}.Debug|Any CPU.ActiveCfg = Debug|Any CPU
		{415D64C1-3A3D-405D-A6E5-E277D515CAE0}.Debug|Any CPU.Build.0 = Debug|Any CPU
		{415D64C1-3A3D-405D-A6E5-E277D515CAE0}.Release|Any CPU.ActiveCfg = Release|Any CPU
		{415D64C1-3A3D-405D-A6E5-E277D515CAE0}.Release|Any CPU.Build.0 = Release|Any CPU
		{DD20EF3E-707F-498F-8436-F3D5B4CAFD4C}.Debug|Any CPU.ActiveCfg = Debug|Any CPU
		{DD20EF3E-707F-498F-8436-F3D5B4CAFD4C}.Debug|Any CPU.Build.0 = Debug|Any CPU
		{DD20EF3E-707F-498F-8436-F3D5B4CAFD4C}.Release|Any CPU.ActiveCfg = Release|Any CPU
		{DD20EF3E-707F-498F-8436-F3D5B4CAFD4C}.Release|Any CPU.Build.0 = Release|Any CPU
		{5C3DAFDD-C75D-4228-897E-F5284F668B91}.Debug|Any CPU.ActiveCfg = Debug|Any CPU
		{5C3DAFDD-C75D-4228-897E-F5284F668B91}.Debug|Any CPU.Build.0 = Debug|Any CPU
		{5C3DAFDD-C75D-4228-897E-F5284F668B91}.Release|Any CPU.ActiveCfg = Release|Any CPU
		{5C3DAFDD-C75D-4228-897E-F5284F668B91}.Release|Any CPU.Build.0 = Release|Any CPU
	EndGlobalSection
	GlobalSection(SolutionProperties) = preSolution
		HideSolutionNode = FALSE
	EndGlobalSection
EndGlobal
